
Microsoft Visual Studio Solution File, Format Version 12.00
# Visual Studio Version 17
VisualStudioVersion = 17.11.35219.272
MinimumVisualStudioVersion = 10.0.40219.1
Project("{2150E333-8FDC-42A3-9474-1A3956D46DE8}") = "Services", "Services", "{B7A12EA8-0229-418E-A276-93911C5A2F1B}"
EndProject
Project("{2150E333-8FDC-42A3-9474-1A3956D46DE8}") = "Catalog", "Catalog", "{396E39C8-FF24-4763-9237-3C1E2866EBC8}"
EndProject
Project("{2150E333-8FDC-42A3-9474-1A3956D46DE8}") = "Discount", "Discount", "{426D0C43-7EB0-4D61-AE4C-698B95DA8C07}"
EndProject
Project("{9A19103F-16F7-4668-BE54-9A1E7A4F7556}") = "MultiShop.Discount", "Services\Discount\MultiShop.Discount\MultiShop.Discount.csproj", "{07E21A46-14D1-4A00-8305-3268C833EE42}"
EndProject
Project("{9A19103F-16F7-4668-BE54-9A1E7A4F7556}") = "MultiShop.Catalog", "Services\Catalog\MultiShop.Catalog\MultiShop.Catalog.csproj", "{8589679A-5AD0-46B3-A8D5-236525F358B5}"
EndProject
Project("{2150E333-8FDC-42A3-9474-1A3956D46DE8}") = "Order", "Order", "{DBF2C745-0993-4303-A567-C15C98B87ADD}"
EndProject
Project("{2150E333-8FDC-42A3-9474-1A3956D46DE8}") = "Core", "Core", "{0421782C-3E93-4038-BCE9-8403EEB144EE}"
EndProject
Project("{2150E333-8FDC-42A3-9474-1A3956D46DE8}") = "Infrastruccture", "Infrastruccture", "{59A648D7-4567-40AE-A402-25D7BF197299}"
EndProject
Project("{2150E333-8FDC-42A3-9474-1A3956D46DE8}") = "Presentation", "Presentation", "{072F4400-DB56-481E-871D-67F2C8F34BA4}"
EndProject
Project("{9A19103F-16F7-4668-BE54-9A1E7A4F7556}") = "MultiShop.Order.Domain", "Services\Order\Core\MultiShop.Order.Domain\MultiShop.Order.Domain.csproj", "{E5B8B0FC-638A-40CC-968A-23F7AEED4EA3}"
EndProject
Project("{9A19103F-16F7-4668-BE54-9A1E7A4F7556}") = "MultiShop.Order.Application", "Services\Order\Core\MultiShop.Order.Application\MultiShop.Order.Application.csproj", "{3ECADD54-629B-4820-94E9-22D4980EA355}"
EndProject
Project("{FAE04EC0-301F-11D3-BF4B-00C04F79EFBC}") = "MultiShop.Order.Persistence", "Services\Order\Infrastructure\MultiShop.Order.Persistence\MultiShop.Order.Persistence.csproj", "{83FE3F55-1EB1-434F-8E4B-1B57773C81E8}"
EndProject
Project("{FAE04EC0-301F-11D3-BF4B-00C04F79EFBC}") = "MultiShop.Order.WebApi", "Services\Order\Presentation\MultiShop.Order.WebApi\MultiShop.Order.WebApi.csproj", "{8295059C-07B5-460D-9BE3-3BF5AEFFC9D3}"
EndProject
Global
	GlobalSection(SolutionConfigurationPlatforms) = preSolution
		Debug|Any CPU = Debug|Any CPU
		Release|Any CPU = Release|Any CPU
	EndGlobalSection
	GlobalSection(ProjectConfigurationPlatforms) = postSolution
		{07E21A46-14D1-4A00-8305-3268C833EE42}.Debug|Any CPU.ActiveCfg = Debug|Any CPU
		{07E21A46-14D1-4A00-8305-3268C833EE42}.Debug|Any CPU.Build.0 = Debug|Any CPU
		{07E21A46-14D1-4A00-8305-3268C833EE42}.Release|Any CPU.ActiveCfg = Release|Any CPU
		{07E21A46-14D1-4A00-8305-3268C833EE42}.Release|Any CPU.Build.0 = Release|Any CPU
		{8589679A-5AD0-46B3-A8D5-236525F358B5}.Debug|Any CPU.ActiveCfg = Debug|Any CPU
		{8589679A-5AD0-46B3-A8D5-236525F358B5}.Debug|Any CPU.Build.0 = Debug|Any CPU
		{8589679A-5AD0-46B3-A8D5-236525F358B5}.Release|Any CPU.ActiveCfg = Release|Any CPU
		{8589679A-5AD0-46B3-A8D5-236525F358B5}.Release|Any CPU.Build.0 = Release|Any CPU
		{E5B8B0FC-638A-40CC-968A-23F7AEED4EA3}.Debug|Any CPU.ActiveCfg = Debug|Any CPU
		{E5B8B0FC-638A-40CC-968A-23F7AEED4EA3}.Debug|Any CPU.Build.0 = Debug|Any CPU
		{E5B8B0FC-638A-40CC-968A-23F7AEED4EA3}.Release|Any CPU.ActiveCfg = Release|Any CPU
		{E5B8B0FC-638A-40CC-968A-23F7AEED4EA3}.Release|Any CPU.Build.0 = Release|Any CPU
		{3ECADD54-629B-4820-94E9-22D4980EA355}.Debug|Any CPU.ActiveCfg = Debug|Any CPU
		{3ECADD54-629B-4820-94E9-22D4980EA355}.Debug|Any CPU.Build.0 = Debug|Any CPU
		{3ECADD54-629B-4820-94E9-22D4980EA355}.Release|Any CPU.ActiveCfg = Release|Any CPU
		{3ECADD54-629B-4820-94E9-22D4980EA355}.Release|Any CPU.Build.0 = Release|Any CPU
		{83FE3F55-1EB1-434F-8E4B-1B57773C81E8}.Debug|Any CPU.ActiveCfg = Debug|Any CPU
		{83FE3F55-1EB1-434F-8E4B-1B57773C81E8}.Debug|Any CPU.Build.0 = Debug|Any CPU
		{83FE3F55-1EB1-434F-8E4B-1B57773C81E8}.Release|Any CPU.ActiveCfg = Release|Any CPU
		{83FE3F55-1EB1-434F-8E4B-1B57773C81E8}.Release|Any CPU.Build.0 = Release|Any CPU
		{8295059C-07B5-460D-9BE3-3BF5AEFFC9D3}.Debug|Any CPU.ActiveCfg = Debug|Any CPU
		{8295059C-07B5-460D-9BE3-3BF5AEFFC9D3}.Debug|Any CPU.Build.0 = Debug|Any CPU
		{8295059C-07B5-460D-9BE3-3BF5AEFFC9D3}.Release|Any CPU.ActiveCfg = Release|Any CPU
		{8295059C-07B5-460D-9BE3-3BF5AEFFC9D3}.Release|Any CPU.Build.0 = Release|Any CPU
	EndGlobalSection
	GlobalSection(SolutionProperties) = preSolution
		HideSolutionNode = FALSE
	EndGlobalSection
	GlobalSection(NestedProjects) = preSolution
		{396E39C8-FF24-4763-9237-3C1E2866EBC8} = {B7A12EA8-0229-418E-A276-93911C5A2F1B}
		{426D0C43-7EB0-4D61-AE4C-698B95DA8C07} = {B7A12EA8-0229-418E-A276-93911C5A2F1B}
		{07E21A46-14D1-4A00-8305-3268C833EE42} = {426D0C43-7EB0-4D61-AE4C-698B95DA8C07}
		{8589679A-5AD0-46B3-A8D5-236525F358B5} = {396E39C8-FF24-4763-9237-3C1E2866EBC8}
		{DBF2C745-0993-4303-A567-C15C98B87ADD} = {B7A12EA8-0229-418E-A276-93911C5A2F1B}
		{0421782C-3E93-4038-BCE9-8403EEB144EE} = {DBF2C745-0993-4303-A567-C15C98B87ADD}
		{59A648D7-4567-40AE-A402-25D7BF197299} = {DBF2C745-0993-4303-A567-C15C98B87ADD}
		{072F4400-DB56-481E-871D-67F2C8F34BA4} = {DBF2C745-0993-4303-A567-C15C98B87ADD}
		{E5B8B0FC-638A-40CC-968A-23F7AEED4EA3} = {0421782C-3E93-4038-BCE9-8403EEB144EE}
		{3ECADD54-629B-4820-94E9-22D4980EA355} = {0421782C-3E93-4038-BCE9-8403EEB144EE}
		{83FE3F55-1EB1-434F-8E4B-1B57773C81E8} = {59A648D7-4567-40AE-A402-25D7BF197299}
		{8295059C-07B5-460D-9BE3-3BF5AEFFC9D3} = {072F4400-DB56-481E-871D-67F2C8F34BA4}
	EndGlobalSection
	GlobalSection(ExtensibilityGlobals) = postSolution
		SolutionGuid = {4E0CA9D1-A886-4A50-B320-30C3A249D732}
	EndGlobalSection
EndGlobal
